# THIS IS AN AUTOGENERATED FILE. DO NOT EDIT THIS FILE DIRECTLY.
# yarn lockfile v1


"@tensorflow/tfjs-backend-cpu@3.18.0":
  version "3.18.0"
  resolved "https://registry.yarnpkg.com/@tensorflow/tfjs-backend-cpu/-/tfjs-backend-cpu-3.18.0.tgz#f0596911c14adf3dfa428e7d04305ef37c6f65e1"
  integrity sha512-LcSqlylzGtpgngcMFIL3q9Q3eVaPRJ7ITZt7ivhzkCj4R5ZsnPa9qM3DCVihkQ77heAwSw4hPTo2jp5C4mJ4Cg==
  dependencies:
    "@types/seedrandom" "2.4.27"
    seedrandom "2.4.3"

"@tensorflow/tfjs-backend-wasm@^3.18.0":
  version "3.18.0"
  resolved "https://registry.yarnpkg.com/@tensorflow/tfjs-backend-wasm/-/tfjs-backend-wasm-3.18.0.tgz#b9823ceace4e7f01fa472e675dda8836d5bc6b7b"
  integrity sha512-LbMCSXYv4CUKiplNiqGvW9XKLCXfYribpQwuV2QMmfrNaDSa7pR19Y29ajoDCN7Tij9FmqWh4suajAVK6rE+7w==
  dependencies:
    "@tensorflow/tfjs-backend-cpu" "3.18.0"
    "@types/emscripten" "~0.0.34"

"@types/emscripten@~0.0.34":
  version "0.0.34"
  resolved "https://registry.yarnpkg.com/@types/emscripten/-/emscripten-0.0.34.tgz#12b4a344274fb102ff2f6c877b37587bc3e46008"
  integrity sha512-QSb9ojDincskc+uKMI0KXp8e1NALFINCrMlp8VGKGcTSxeEyRTTKyjWw75NYrCZHUsVEEEpr1tYHpbtaC++/sQ==

"@types/seedrandom@2.4.27":
  version "2.4.27"
  resolved "https://registry.yarnpkg.com/@types/seedrandom/-/seedrandom-2.4.27.tgz#9db563937dd86915f69092bc43259d2f48578e41"
  integrity sha512-YvMLqFak/7rt//lPBtEHv3M4sRNA+HGxrhFZ+DQs9K2IkYJbNwVIb8avtJfhDiuaUBX/AW0jnjv48FV8h3u9bQ==

seedrandom@2.4.3:
  version "2.4.3"
  resolved "https://registry.yarnpkg.com/seedrandom/-/seedrandom-2.4.3.tgz#2438504dad33917314bff18ac4d794f16d6aaecc"
  integrity sha1-JDhQTa0zkXMUv/GKxNeU8W1qrsw=
